
Microsoft Visual Studio Solution File, Format Version 12.00
# Visual Studio Version 17
VisualStudioVersion = 17.13.35931.197 d17.13
MinimumVisualStudioVersion = 10.0.40219.1
Project("{FAE04EC0-301F-11D3-BF4B-00C04F79EFBC}") = "16-05-2025-1", "16-05-2025-1\16-05-2025-1.csproj", "{D419E228-5805-4EC1-A9A6-928F5F910419}"
EndProject
Global
	GlobalSection(SolutionConfigurationPlatforms) = preSolution
		Debug|Any CPU = Debug|Any CPU
		Release|Any CPU = Release|Any CPU
	EndGlobalSection
	GlobalSection(ProjectConfigurationPlatforms) = postSolution
		{D419E228-5805-4EC1-A9A6-928F5F910419}.Debug|Any CPU.ActiveCfg = Debug|Any CPU
		{D419E228-5805-4EC1-A9A6-928F5F910419}.Debug|Any CPU.Build.0 = Debug|Any CPU
		{D419E228-5805-4EC1-A9A6-928F5F910419}.Release|Any CPU.ActiveCfg = Release|Any CPU
		{D419E228-5805-4EC1-A9A6-928F5F910419}.Release|Any CPU.Build.0 = Release|Any CPU
	EndGlobalSection
	GlobalSection(SolutionProperties) = preSolution
		HideSolutionNode = FALSE
	EndGlobalSection
	GlobalSection(ExtensibilityGlobals) = postSolution
		SolutionGuid = {7D462A1D-A336-4881-9D48-60A9119BB961}
	EndGlobalSection
EndGlobal
